
Microsoft Visual Studio Solution File, Format Version 12.00
# Visual Studio Version 17
VisualStudioVersion = 17.9.34728.123
MinimumVisualStudioVersion = 10.0.40219.1
Project("{9A19103F-16F7-4668-BE54-9A1E7A4F7556}") = "SimpleSeleniumTest", "SimpleSeleniumTest\SimpleSeleniumTest.csproj", "{22666074-7AA3-460C-8FDB-B0259D1C7BF7}"
EndProject
Project("{9A19103F-16F7-4668-BE54-9A1E7A4F7556}") = "WebDriverHelper", "WebDriverHelper\WebDriverHelper.csproj", "{01894DC2-9242-4888-82BE-E5AA03D62B13}"
EndProject
Project("{9A19103F-16F7-4668-BE54-9A1E7A4F7556}") = "TestFrameworkCore", "TestFrameworkCore\TestFrameworkCore.csproj", "{57946E82-659D-4D5E-863F-0509DAC9D4A2}"
EndProject
Project("{9A19103F-16F7-4668-BE54-9A1E7A4F7556}") = "DemoAlertIframe", "DemoAlertIframe\DemoAlertIframe.csproj", "{A88A59DB-3A5B-4160-92DE-C5F244DA8BC1}"
EndProject
Project("{FAE04EC0-301F-11D3-BF4B-00C04F79EFBC}") = "APITesting", "APITesting\APITesting.csproj", "{48464CA0-5527-407B-AB44-F062AA1C4F5C}"
EndProject
Global
	GlobalSection(SolutionConfigurationPlatforms) = preSolution
		Debug|Any CPU = Debug|Any CPU
		Release|Any CPU = Release|Any CPU
	EndGlobalSection
	GlobalSection(ProjectConfigurationPlatforms) = postSolution
		{22666074-7AA3-460C-8FDB-B0259D1C7BF7}.Debug|Any CPU.ActiveCfg = Debug|Any CPU
		{22666074-7AA3-460C-8FDB-B0259D1C7BF7}.Debug|Any CPU.Build.0 = Debug|Any CPU
		{22666074-7AA3-460C-8FDB-B0259D1C7BF7}.Release|Any CPU.ActiveCfg = Release|Any CPU
		{22666074-7AA3-460C-8FDB-B0259D1C7BF7}.Release|Any CPU.Build.0 = Release|Any CPU
		{01894DC2-9242-4888-82BE-E5AA03D62B13}.Debug|Any CPU.ActiveCfg = Debug|Any CPU
		{01894DC2-9242-4888-82BE-E5AA03D62B13}.Debug|Any CPU.Build.0 = Debug|Any CPU
		{01894DC2-9242-4888-82BE-E5AA03D62B13}.Release|Any CPU.ActiveCfg = Release|Any CPU
		{01894DC2-9242-4888-82BE-E5AA03D62B13}.Release|Any CPU.Build.0 = Release|Any CPU
		{57946E82-659D-4D5E-863F-0509DAC9D4A2}.Debug|Any CPU.ActiveCfg = Debug|Any CPU
		{57946E82-659D-4D5E-863F-0509DAC9D4A2}.Debug|Any CPU.Build.0 = Debug|Any CPU
		{57946E82-659D-4D5E-863F-0509DAC9D4A2}.Release|Any CPU.ActiveCfg = Release|Any CPU
		{57946E82-659D-4D5E-863F-0509DAC9D4A2}.Release|Any CPU.Build.0 = Release|Any CPU
		{A88A59DB-3A5B-4160-92DE-C5F244DA8BC1}.Debug|Any CPU.ActiveCfg = Debug|Any CPU
		{A88A59DB-3A5B-4160-92DE-C5F244DA8BC1}.Debug|Any CPU.Build.0 = Debug|Any CPU
		{A88A59DB-3A5B-4160-92DE-C5F244DA8BC1}.Release|Any CPU.ActiveCfg = Release|Any CPU
		{A88A59DB-3A5B-4160-92DE-C5F244DA8BC1}.Release|Any CPU.Build.0 = Release|Any CPU
		{48464CA0-5527-407B-AB44-F062AA1C4F5C}.Debug|Any CPU.ActiveCfg = Debug|Any CPU
		{48464CA0-5527-407B-AB44-F062AA1C4F5C}.Debug|Any CPU.Build.0 = Debug|Any CPU
		{48464CA0-5527-407B-AB44-F062AA1C4F5C}.Release|Any CPU.ActiveCfg = Release|Any CPU
		{48464CA0-5527-407B-AB44-F062AA1C4F5C}.Release|Any CPU.Build.0 = Release|Any CPU
	EndGlobalSection
	GlobalSection(SolutionProperties) = preSolution
		HideSolutionNode = FALSE
	EndGlobalSection
	GlobalSection(ExtensibilityGlobals) = postSolution
		SolutionGuid = {EBAC3779-1FE6-4BFE-95E0-558320E4E130}
	EndGlobalSection
EndGlobal
